github.com/aws/aws-sdk-go-v2 v1.25.3 h1:4vXxwXpJNp5fjTA/CsNv0n2EVaGfVGDIr6+bPUjW0mc=
github.com/aws/aws-sdk-go-v2 v1.25.3/go.mod h1:VuTZgfXzqbDPePNyGh3SeW1ahg3LdLsN1thG/5C1Lgc=
github.com/aws/aws-sdk-go-v2/config v1.27.7 h1:PoTCtb8J7nueZQm6LvG51gC+5RZtsEj8IYV2zCw1oRv0=
github.com/aws/aws-sdk-go-v2/config v1.27.7/go.mod h1:ILAKwTgEc0TlccbxbP5/PRd46cUEOBTWq17GjPAIqWI=
github.com/aws/aws-sdk-go-v2/credentials v1.17.7 h1:svId3TSYtzynzcpZwf9aHgwgNdRI8D3f9QuQLS+8Rrg=
github.com/aws/aws-sdk-go-v2/credentials v1.17.7/go.mod h1:pCBtnfK9JweG4s5R/osWA1x5ASg3J/1XtmcVi57RjsY=
github.com/aws/aws-sdk-go-v2/service/dynamodb v1.31.0 h1:Y5c3tFXkiEF+5BzGzJewjpbnHtKdmQY3g9XJIC5qblM=
github.com/aws/aws-sdk-go-v2/service/dynamodb v1.31.0/go.mod h1:ZxLl4IJZvjTAE2WnNt6flbP6Aj5vOWde5ZzKZGFtaDk=
github.com/aws/aws-sdk-go-v2/service/s3 v1.51.4 h1:lNnOxgXan3rL3UpIrN/UVGD3AFfG3ZkM8dAvFe6o6QE=
github.com/aws/aws-sdk-go-v2/service/s3 v1.51.4/go.mod h1:7dZBS8+rL3HHyIpDsZ8DIqscDomAHbeDpCvjvtaMCv8=
github.com/google/uuid v1.6.0 h1:NIvaJDMOsjHA8n1jAhLSgzrAzy1Hgr+hNrb57e+94F0=
github.com/google/uuid v1.6.0/go.mod h1:TIyPZe4MgqvfeYDBFedMoGGpEw/LqOeaOT+nhxU+yHo=
google.golang.org/grpc v1.62.0 h1:9B4yHS5k6h9W3oIe7Cu8GrPH7XlqcLxMp-K03bgKdsQ=
google.golang.org/grpc v1.62.0/go.mod h1:dp5bEGltPEq0FmyHLD69cPFtljEXk8HvlFJzHJUpN8A=
google.golang.org/protobuf v1.32.0 h1:4PNbOSo5PCABK4hr9gYuboEmVsIzzEt8guVa7DgE0t8=
google.golang.org/protobuf v1.32.0/go.mod h1:cJpGbxNMCpUp7brsZDEaK9YtdL9sFMQUirIX2h8OBwI= 